{"version":1,"dependencies":{"net10.0":{"Stride.BepuPhysics":{"type":"Direct","requested":"[4.3.0.2507]","resolved":"4.3.0.2507","contentHash":"V8djjChTsGuUQ4dWh75/tAovgbAxhvxIRiwOE2SqxOEkYUPeFgK/r7OEJFRO2HWmFJYMU7lneNVuY48cW8SLLQ==","dependencies":{"BepuPhysics":"2.5.0-beta.25","Stride.Engine":"4.3.0.2507"}},"BepuPhysics":{"type":"Transitive","resolved":"2.5.0-beta.25","contentHash":"5PxwwqF52IeE66D10ejqTAyZnBSEGZ0sfIVv0kbQvp/2rVTJquP+Y7PZD5my6e3lHGSBNGt9jap7EzB/bUb7Tg==","dependencies":{"BepuUtilities":"2.5.0-beta.25"}},"BepuUtilities":{"type":"Transitive","resolved":"2.5.0-beta.25","contentHash":"/gLX7y+rKTP1qdK7rWzAJhWa9tqYWu0MTB+3/EYC+GZVLfsnxv1gNlKQ71z9L3Dn6HKhQtCN9AN54d5LzuOeEw=="},"K4os.Compression.LZ4":{"type":"Transitive","resolved":"1.3.6","contentHash":"RxGhoJBjZCgGeZgDqOP4Krs1cR9PHInbz6d2N19Dic0Y6ZACzVKbR3uSpqfEZf4RiUbHk9aiog2eS22nQPTc2A=="},"K4os.Compression.LZ4.Legacy":{"type":"Transitive","resolved":"1.3.6","contentHash":"xRwevzdEPnhtKrURA5c0HHSQqnzCaiCOM6GTawkZjs4L15IkdsOLwPB0d0J0Z7MTHxZFF/d0ddCqGUJNTiZffw==","dependencies":{"K4os.Compression.LZ4":"1.3.6"}},"Microsoft.DotNet.PlatformAbstractions":{"type":"Transitive","resolved":"3.1.6","contentHash":"jek4XYaQ/PGUwDKKhwR8K47Uh1189PFzMeLqO83mXrXQVIpARZCcfuDedH50YDTepBkfijCZN5U/vZi++erxtg=="},"Microsoft.Extensions.DependencyModel":{"type":"Transitive","resolved":"8.0.0","contentHash":"NSmDw3K0ozNDgShSIpsZcbFIzBX4w28nDag+TfaQujkXGazBm+lid5onlWoCBy4VsLxqnnKjEBbGSJVWJMf43g=="},"Microsoft.NETCore.Platforms":{"type":"Transitive","resolved":"7.0.4","contentHash":"yLEHlNN7O5WiND89r42sepgVwy5W/ZoTiFEdJDV7MHR1lW02LL7Nipz2TD5qM/Kx9W3/k3NP+PAP2qUdOm+leg=="},"Microsoft.Win32.SystemEvents":{"type":"Transitive","resolved":"8.0.0","contentHash":"9opKRyOKMCi2xJ7Bj7kxtZ1r9vbzosMvRrdEhVhDz8j8MoBGgB+WmC94yH839NPH+BclAjtQ/pyagvi/8gDLkw=="},"NETStandard.Library":{"type":"Transitive","resolved":"1.6.1","contentHash":"WcSp3+vP+yHNgS8EV5J7pZ9IRpeDuARBPN28by8zqff1wJQXm26PVU8L3/fYLBJVU7BtDyqNVWq2KlCVvSSR4A==","dependencies":{"Microsoft.NETCore.Platforms":"1.1.0"}},"ServiceWire":{"type":"Transitive","resolved":"5.5.4","contentHash":"shX+apJwyK1vBZRo6ayhVmrAOYa1BQtab3YHAbr89AZsUPwo35ra3v7EYz/squ2Bba3m6JLHnwA3euCTj6vqaw=="},"SharpDX":{"type":"Transitive","resolved":"4.2.0","contentHash":"3pv0LFMvfK/dv1qISJnn8xBeeT6R/FRvr0EV4KI2DGsL84Qlv6P7isWqxGyU0LCwlSVCJN3jgHJ4Bl0KI2PJww==","dependencies":{"NETStandard.Library":"1.6.1"}},"SharpDX.D3DCompiler":{"type":"Transitive","resolved":"4.2.0","contentHash":"Rnsd6Ilp127xbXqhTit8WKFQUrXwWxqVGpglyWDNkIBCk0tWXNQEjrJpsl0KAObzyZaa33+EXAikLVt5fnd3GA==","dependencies":{"NETStandard.Library":"1.6.1","SharpDX":"4.2.0"}},"SharpDX.Direct3D11":{"type":"Transitive","resolved":"4.2.0","contentHash":"oTm/iT5X/IIuJ8kNYP+DTC/MhBhqtRF5dbgPPFgLBdQv0BKzNTzXQQXd7SveBFjQg6hXEAJ2jGCAzNYvGFc9LA==","dependencies":{"NETStandard.Library":"1.6.1","SharpDX":"4.2.0","SharpDX.DXGI":"4.2.0"}},"SharpDX.Direct3D12":{"type":"Transitive","resolved":"4.2.0","contentHash":"OU4/cKRcAbGe8ZJ4oTUCDKsL5mCoy6aLJ2axYlwjyB8h/Z1OR38vSeGpbPB3ZKPumIuuYrANIBWnJ8xfUK7RQw==","dependencies":{"NETStandard.Library":"1.6.1","SharpDX":"4.2.0","SharpDX.DXGI":"4.2.0"}},"SharpDX.DXGI":{"type":"Transitive","resolved":"4.2.0","contentHash":"UjKqkgWc8U+SP+j3LBzFP6OB6Ntapjih7Xo+g1rLcsGbIbBChaUu7sil8rWoeVU/k0EJd3SMN4VqNZw==","dependencies":{"NETStandard.Library":"1.6.1","SharpDX":"4.2.0"}},"Silk.NET.Core":{"type":"Transitive","resolved":"2.22.0","contentHash":"XbDilPmvsQIrvxZkeVCNNX3LyRtA3hN6UykAiyZjlu/JkYh68U3WQummpP+j7jsxlX8s/pOrrU3vbN8LnMl0VA==","dependencies":{"Microsoft.DotNet.PlatformAbstractions":"3.1.6","Microsoft.Extensions.DependencyModel":"8.0.0"}},"Silk.NET.Maths":{"type":"Transitive","resolved":"2.22.0","contentHash":"W9b5UlUGCu5Ywb5f8ZyIWJ475ucY+mT/nEiSTo3JH098VxHaZS/02bYr9f29VWBaJhh3DwMkfxQvgTyXzTrHyw=="},"Silk.NET.OpenGL":{"type":"Transitive","resolved":"2.22.0","contentHash":"AmbtflPvaGWw7fHEHrcFTd54OTAj0bemzx4WV2ELJdW2NBPSvtyz31nhyuBVTml20+NtW4Z3yhDGUpM6uouVDQ==","dependencies":{"Silk.NET.Core":"2.22.0","Silk.NET.Maths":"2.22.0"}},"Silk.NET.OpenGLES":{"type":"Transitive","resolved":"2.22.0","contentHash":"BB/kdhQyZ0l6O5Cw9e1OV8uZN1vibz8GdiLx0nx+bd9BrRxu8f2XIRnqmlPcsNw2/0J9Z6jgkDwL1iqaii0dTw==","dependencies":{"Silk.NET.Core":"2.22.0","Silk.NET.Maths":"2.22.0"}},"Silk.NET.OpenGLES.Extensions.EXT":{"type":"Transitive","resolved":"2.22.0","contentHash":"vvnUYR5IvZr/C74ano9WhsWSkziQoOHRgCWQS1KHiCmyL4mJsLVyTUgSEqN0p/hYff7kiHZQxz4oLinZmj7geg==","dependencies":{"Silk.NET.Core":"2.22.0","Silk.NET.OpenGLES":"2.22.0"}},"Silk.NET.OpenXR":{"type":"Transitive","resolved":"2.22.0","contentHash":"2/+jpcJdUGAXFnUBTcVZTl6Q0NRCCrYuLH9cykezcxPvC+VumhrwsTd68d3KYh/9g4/+NHjr74UCTNyJgbBNXQ==","dependencies":{"Silk.NET.Core":"2.22.0","Silk.NET.Maths":"2.22.0"}},"Silk.NET.OpenXR.Extensions.FB":{"type":"Transitive","resolved":"2.22.0","contentHash":"gkOOtB7ELzydRSm8fyuZG1vOS3+vtAoDMb5SzGmf+kwSMdKQOvR6erM7aaAvzrl1IfndpYSPCJDVb+LgNOfayg==","dependencies":{"Silk.NET.Core":"2.22.0","Silk.NET.OpenXR":"2.22.0"}},"Silk.NET.SDL":{"type":"Transitive","resolved":"2.22.0","contentHash":"t73lM7RnEX7otXOblQ38zjDbGfdEseJKHGgIaFien9lKjGp1jg28RLEY+toUXT5kH0DzgXGIoYAs7AkcCFyyyg==","dependencies":{"Silk.NET.Core":"2.22.0","Silk.NET.Maths":"2.22.0","Ultz.Native.SDL":"2.30.8"}},"Stride":{"type":"Transitive","resolved":"4.3.0.2507","contentHash":"/koNlyrqCcf8b9v/cWWxdxvAvOxNqDY0ttchqFx+cU3J5C+nvBGLZf5PUe9mthrlrn6W2sq52k7rLlq8Xa/9iA==","dependencies":{"Stride.Core.Mathematics":"4.3.0.2507","Stride.Core.Serialization":"4.3.0.2507","System.Drawing.Common":"8.0.1"}},"Stride.Audio":{"type":"Transitive","resolved":"4.3.0.2507","contentHash":"2NAT/I8xkAgsBM6Ci5hnz05ptG6PmS35zfGVly/Xbb1uHstRgpCZ/nc+oqzqwr7uKxi0HWVEI/XRUhLJk4mXxQ==","dependencies":{"Stride":"4.3.0.2507","Stride.Native":"4.3.0.2507"}},"Stride.Core":{"type":"Transitive","resolved":"4.3.0.2507","contentHash":"TTUQ2aaK//vnN1yKqsLkRpjaDX0MU/Bs7SnTKz9tRzBuTHxKzUSy8jpU3ZnmPLZAEMS+Yo3iZgFnYKQZkZ2l+w==","dependencies":{"Microsoft.NETCore.Platforms":"7.0.4","ServiceWire":"5.5.4","System.ValueTuple":"4.6.1"}},"Stride.Core.IO":{"type":"Transitive","resolved":"4.3.0.2507","contentHash":"PAwUtV6qrOA5Vf4x2lk5KeGVUZbCpmgVKTq5XbfH8lUTaDuBcgB0RVk26MM9+OrULP9t2XkUvvzDri/maGcp5A==","dependencies":{"Stride.Core":"4.3.0.2507"}},"Stride.Core.Mathematics":{"type":"Transitive","resolved":"4.3.0.2507","contentHash":"6eA15wpW8CAFjsfIoKsdNySbSv0Rg/88FAnt7pJRqOBwr1e3hUDrXpRxCbVY67uN//pAXPEc3oDdOWL+EuRlKA==","dependencies":{"Stride.Core":"4.3.0.2507"}},"Stride.Core.MicroThreading":{"type":"Transitive","resolved":"4.3.0.2507","contentHash":"joYhB6wnfSLQs9aDslm0novROpyTmzv/A2VMVg9KaSG1ey51NY8gZmJ0eS/B6sPhUfYV3TzO9zBmp4LOsoEy4w==","dependencies":{"Stride.Core":"4.3.0.2507"}},"Stride.Core.Serialization":{"type":"Transitive","resolved":"4.3.0.2507","contentHash":"7Ss14aq3AgqvKB0wpoCa7iMPFcT1FJpfVJ4o1YxiIQRYO1+o8VYOPQ/hnTVzFBGLg41iX/kYYFYcd8Z9kdXTSw==","dependencies":{"K4os.Compression.LZ4.Legacy":"1.3.6","Stride.Core.IO":"4.3.0.2507","Stride.Core.MicroThreading":"4.3.0.2507"}},"Stride.Core.Shaders":{"type":"Transitive","resolved":"4.3.0.2507","contentHash":"xzn8d4/wrzvfJtMlfL6s1d1mhLMIcHRuubycupATCySOlxjZzU3CF/XToGgrXSNUuZ7ZuYOoHuGatr79WwHPyw==","dependencies":{"Stride.Core":"4.3.0.2507","Stride.Irony":"4.3.0.2507"}},"Stride.Engine":{"type":"Transitive","resolved":"4.3.0.2507","contentHash":"Gw1Sav8Su5VqWsFqX+L3RtPRUjgHTDFNEDntv+HGz6MtZjvVpV1gDCsupfMdZ49rkdGVUHHH7l4jzjZaqOnzSw==","dependencies":{"Stride.Audio":"4.3.0.2507","Stride.Rendering":"4.3.0.2507","Stride.Shaders.Compiler":"4.3.0.2507","Stride.VirtualReality":"4.3.0.2507","System.ValueTuple":"4.6.1"}},"Stride.Games":{"type":"Transitive","resolved":"4.3.0.2507","contentHash":"N3VbyJONCfu0WrCTtX5VIlXNPGETAoI5Wk49mj66OXTH06JalgVzSNMerRrjhzzXZBsCYtwCjeANngZ8bLlMGw==","dependencies":{"Stride.Graphics":"4.3.0.2507"}},"Stride.Graphics":{"type":"Transitive","resolved":"4.3.0.2507","contentHash":"eOdPNVAy3+cZ3DXfMp4xhtkF8B6P1Q86I+qjTFIjA7dShCfRtbdzvLGssrOV/bBu6mpJyWo1ZxSGKiDWbQ+8Ng==","dependencies":{"SharpDX.D3DCompiler":"4.2.0","SharpDX.Direct3D11":"4.2.0","SharpDX.Direct3D12":"4.2.0","Silk.NET.OpenGL":"2.22.0","Silk.NET.OpenGLES":"2.22.0","Silk.NET.OpenGLES.Extensions.EXT":"2.22.0","Silk.NET.Sdl":"2.22.0","Stride":"4.3.0.2507","Stride.Shaders":"4.3.0.2507","Stride.SharpFont":"1.0.1","Vortice.Vulkan":"2.1.2"}},"Stride.Input":{"type":"Transitive","resolved":"4.3.0.2507","contentHash":"ioDH6Dzeu0PHsHmJfPYjvqrYkfzIZ95ONxAkc97Rd93xReYsw/1Mecny13CeBcGwPtCkoH9ME/8/eJAOoNUWAA==","dependencies":{"Stride.Games":"4.3.0.2507"}},"Stride.Irony":{"type":"Transitive","resolved":"4.3.0.2507","contentHash":"jENBdEsZNJWJBekFaHwwDfISOu9sp++B4ZFgUNGxfZqxrZ3JKgt1JjpAxukKnX/5J0ZFGbZ/TbBmHD1K8b7WZw=="},"Stride.Native":{"type":"Transitive","resolved":"4.3.0.2507","contentHash":"KYGx1Jv4pIiN1yFMN4M0r+a1TcB7yFMV9dJoFYaAtrpNIUB5pd31YZDOKqim3ZzYkqVj9LkSlqrAd1+wOTPXGQ==","dependencies":{"Stride.Core.Mathematics":"4.3.0.2507"}},"Stride.Rendering":{"type":"Transitive","resolved":"4.3.0.2507","contentHash":"UtC/QLcLpY6k5BOmV6XGAS+ZkxgOXG/18xHPyUqB0ZLrXdLgmfBAa/eK4GPu14uSoOTEiqi4orq+M8/iP3GDNA==","dependencies":{"Stride.Games":"4.3.0.2507"}},"Stride.Shaders":{"type":"Transitive","resolved":"4.3.0.2507","contentHash":"MHaX24XCtPCyE3Ws9cEreyCLcPX8yz+sOTAdCCRm97o53UGp2xZeFPMzbFZDKyA5RIIny0Pah5PpbcI6/IRKfw==","dependencies":{"Stride":"4.3.0.2507"}},"Stride.Shaders.Compiler":{"type":"Transitive","resolved":"4.3.0.2507","contentHash":"bP6We1U4G5FPmB5OXJ6MmtdkCvhklNlOwUhlAZOwaDB+PS7GLJLLjTzWTGwaEyAZK9ySQU4YeefG5xZqBxg==","dependencies":{"SharpDX.D3DCompiler":"4.2.0","Stride.Shaders.Parser":"4.3.0.2507"}},"Stride.Shaders.Parser":{"type":"Transitive","resolved":"4.3.0.2507","contentHash":"2UTc3bA3Q/aWAVJRns4sWjDk2NUkfpPpzPDsq7758KYxt8L+X3zIZo9Gf7fxd/iBVxxzTKT6FTX4uweiAar9oA==","dependencies":{"Stride.Core.Shaders":"4.3.0.2507","Stride.Shaders":"4.3.0.2507"}},"Stride.SharpFont":{"type":"Transitive","resolved":"1.0.1","contentHash":"1jD06aJxJDwpGNChiLSnDYFYif9/P+23Xjpdhdwet5DcDCpvUNMo4s/QmFotmH09MoI/RC2JQl5/TtVeFMGdPQ==","dependencies":{"System.Drawing.Common":"8.0.1"}},"Stride.VirtualReality":{"type":"Transitive","resolved":"4.3.0.2507","contentHash":"0XLsbFKObxZt1A/KsQrpnNR7jYzPkYwchBy4O/IvQ9tOmQrqhZwIa+cKXeGGkyhT9VlFqKY7LxqpellMnRUUHw==","dependencies":{"Silk.NET.OpenXR":"2.22.0","Silk.NET.OpenXR.Extensions.FB":"2.22.0","Stride.Games":"4.3.0.2507","Stride.Graphics":"4.3.0.2507","Stride.Input":"4.3.0.2507"}},"System.Drawing.Common":{"type":"Transitive","resolved":"8.0.1","contentHash":"x0rAZECxIGx/YVjN28YRdpqka0+H7YMN9741FUDzipXPDzesd60gef/LI0ZCOcYSDsacTLTHvMAvxHG+TjbNNQ==","dependencies":{"Microsoft.Win32.SystemEvents":"8.0.0"}},"System.ValueTuple":{"type":"Transitive","resolved":"4.6.1","contentHash":"+RJT4qaekpZ7DDLhf+LTjq+E48jieKiY9ulJ+BoxKmZblIJfIJT8Ufcaa/clQqnYvWs8jugfGSMu8ylS0caG0w=="},"Ultz.Native.SDL":{"type":"Transitive","resolved":"2.30.8","contentHash":"akI6qe9zjA3T9Y5421cfHYKonIkV1rSr3Dgo5qOwxthXXRwTVsnJwb/Ap2x6/6BZcbhczeY+4aUw+2FYJF9LYw=="},"Vortice.Vulkan":{"type":"Transitive","resolved":"2.1.2","contentHash":"+FQellDgWFtw2sHE9IkO6PusEjTilk48VtyWyDM6iHnCZJDlYMgxvCeenUlu15KK1xWIeGRaDF2GMKOFc2mS8g=="}}}}